// !$*UTF8*$!
{
	archiveVersion = 1;
	classes = {
	};
	objectVersion = 46;
	objects = {

/* Begin PBXBuildFile section */
		64592EFD1D2E60F60015408F /* AppDelegate.swift in Sources */ = {isa = PBXBuildFile; fileRef = 64592EFC1D2E60F60015408F /* AppDelegate.swift */; };
		64592EFF1D2E60F60015408F /* MapViewController.swift in Sources */ = {isa = PBXBuildFile; fileRef = 64592EFE1D2E60F60015408F /* MapViewController.swift */; };
		64592F021D2E60F60015408F /* Main.storyboard in Resources */ = {isa = PBXBuildFile; fileRef = 64592F001D2E60F60015408F /* Main.storyboard */; };
		64592F051D2E60F60015408F /* PhotoTourist.xcdatamodeld in Sources */ = {isa = PBXBuildFile; fileRef = 64592F031D2E60F60015408F /* PhotoTourist.xcdatamodeld */; };
		64592F071D2E60F60015408F /* Assets.xcassets in Resources */ = {isa = PBXBuildFile; fileRef = 64592F061D2E60F60015408F /* Assets.xcassets */; };
		64592F0A1D2E60F60015408F /* LaunchScreen.storyboard in Resources */ = {isa = PBXBuildFile; fileRef = 64592F081D2E60F60015408F /* LaunchScreen.storyboard */; };
		64592F151D2E60F60015408F /* PhotoTouristTests.swift in Sources */ = {isa = PBXBuildFile; fileRef = 64592F141D2E60F60015408F /* PhotoTouristTests.swift */; };
		64592F201D2E60F60015408F /* PhotoTouristUITests.swift in Sources */ = {isa = PBXBuildFile; fileRef = 64592F1F1D2E60F60015408F /* PhotoTouristUITests.swift */; };
		64592F2E1D2E62DE0015408F /* FlickrClient.swift in Sources */ = {isa = PBXBuildFile; fileRef = 64592F2D1D2E62DE0015408F /* FlickrClient.swift */; };
		64661E841D2FD77F00D2B485 /* WebViewController.swift in Sources */ = {isa = PBXBuildFile; fileRef = 64661E831D2FD77F00D2B485 /* WebViewController.swift */; };
		647517D81D35126400BB2ECF /* Location.swift in Sources */ = {isa = PBXBuildFile; fileRef = 647517D71D35126400BB2ECF /* Location.swift */; };
		647517DA1D351D2100BB2ECF /* LocationDetailViewController.swift in Sources */ = {isa = PBXBuildFile; fileRef = 647517D91D351D2100BB2ECF /* LocationDetailViewController.swift */; };
		647517DC1D35360700BB2ECF /* MKMapViewExtension.swift in Sources */ = {isa = PBXBuildFile; fileRef = 647517DB1D35360700BB2ECF /* MKMapViewExtension.swift */; };
		647517DE1D35363900BB2ECF /* MapModel.swift in Sources */ = {isa = PBXBuildFile; fileRef = 647517DD1D35363900BB2ECF /* MapModel.swift */; };
		9477601F1B9C937682D826ED /* Pods_PhotoTouristTests.framework in Frameworks */ = {isa = PBXBuildFile; fileRef = 57A82F374EE2FB42B77B71B8 /* Pods_PhotoTouristTests.framework */; };
		CB3C7E8BAB02092D6654A725 /* Pods_PhotoTourist.framework in Frameworks */ = {isa = PBXBuildFile; fileRef = 1136049442C16546499E42F9 /* Pods_PhotoTourist.framework */; };
		F941E899A533E6B86F65A71F /* Pods_PhotoTouristUITests.framework in Frameworks */ = {isa = PBXBuildFile; fileRef = C4718F1198C6482B9E7971E5 /* Pods_PhotoTouristUITests.framework */; };
/* End PBXBuildFile section */

/* Begin PBXContainerItemProxy section */
		64592F111D2E60F60015408F /* PBXContainerItemProxy */ = {
			isa = PBXContainerItemProxy;
			containerPortal = 64592EF11D2E60F60015408F /* Project object */;
			proxyType = 1;
			remoteGlobalIDString = 64592EF81D2E60F60015408F;
			remoteInfo = PhotoTourist;
		};
		64592F1C1D2E60F60015408F /* PBXContainerItemProxy */ = {
			isa = PBXContainerItemProxy;
			containerPortal = 64592EF11D2E60F60015408F /* Project object */;
			proxyType = 1;
			remoteGlobalIDString = 64592EF81D2E60F60015408F;
			remoteInfo = PhotoTourist;
		};
/* End PBXContainerItemProxy section */

/* Begin PBXFileReference section */
		1136049442C16546499E42F9 /* Pods_PhotoTourist.framework */ = {isa = PBXFileReference; explicitFileType = wrapper.framework; includeInIndex = 0; path = Pods_PhotoTourist.framework; sourceTree = BUILT_PRODUCTS_DIR; };
		2901BBCE9F3F0DB46FE3A042 /* Pods-PhotoTourist.debug.xcconfig */ = {isa = PBXFileReference; includeInIndex = 1; lastKnownFileType = text.xcconfig; name = "Pods-PhotoTourist.debug.xcconfig"; path = "Pods/Target Support Files/Pods-PhotoTourist/Pods-PhotoTourist.debug.xcconfig"; sourceTree = "<group>"; };
		31F587E840E411BD8CE680FB /* Pods-PhotoTouristTests.release.xcconfig */ = {isa = PBXFileReference; includeInIndex = 1; lastKnownFileType = text.xcconfig; name = "Pods-PhotoTouristTests.release.xcconfig"; path = "Pods/Target Support Files/Pods-PhotoTouristTests/Pods-PhotoTouristTests.release.xcconfig"; sourceTree = "<group>"; };
		57A82F374EE2FB42B77B71B8 /* Pods_PhotoTouristTests.framework */ = {isa = PBXFileReference; explicitFileType = wrapper.framework; includeInIndex = 0; path = Pods_PhotoTouristTests.framework; sourceTree = BUILT_PRODUCTS_DIR; };
		5CD077B8FC525BF96E1025DD /* Pods-PhotoTouristUITests.release.xcconfig */ = {isa = PBXFileReference; includeInIndex = 1; lastKnownFileType = text.xcconfig; name = "Pods-PhotoTouristUITests.release.xcconfig"; path = "Pods/Target Support Files/Pods-PhotoTouristUITests/Pods-PhotoTouristUITests.release.xcconfig"; sourceTree = "<group>"; };
		64592EF91D2E60F60015408F /* PhotoTourist.app */ = {isa = PBXFileReference; explicitFileType = wrapper.application; includeInIndex = 0; path = PhotoTourist.app; sourceTree = BUILT_PRODUCTS_DIR; };
		64592EFC1D2E60F60015408F /* AppDelegate.swift */ = {isa = PBXFileReference; lastKnownFileType = sourcecode.swift; path = AppDelegate.swift; sourceTree = "<group>"; };
		64592EFE1D2E60F60015408F /* MapViewController.swift */ = {isa = PBXFileReference; lastKnownFileType = sourcecode.swift; path = MapViewController.swift; sourceTree = "<group>"; };
		64592F011D2E60F60015408F /* Base */ = {isa = PBXFileReference; lastKnownFileType = file.storyboard; name = Base; path = Base.lproj/Main.storyboard; sourceTree = "<group>"; };
		64592F041D2E60F60015408F /* PhotoTourist.xcdatamodel */ = {isa = PBXFileReference; lastKnownFileType = wrapper.xcdatamodel; path = PhotoTourist.xcdatamodel; sourceTree = "<group>"; };
		64592F061D2E60F60015408F /* Assets.xcassets */ = {isa = PBXFileReference; lastKnownFileType = folder.assetcatalog; path = Assets.xcassets; sourceTree = "<group>"; };
		64592F091D2E60F60015408F /* Base */ = {isa = PBXFileReference; lastKnownFileType = file.storyboard; name = Base; path = Base.lproj/LaunchScreen.storyboard; sourceTree = "<group>"; };
		64592F0B1D2E60F60015408F /* Info.plist */ = {isa = PBXFileReference; lastKnownFileType = text.plist.xml; path = Info.plist; sourceTree = "<group>"; };
		64592F101D2E60F60015408F /* PhotoTouristTests.xctest */ = {isa = PBXFileReference; explicitFileType = wrapper.cfbundle; includeInIndex = 0; path = PhotoTouristTests.xctest; sourceTree = BUILT_PRODUCTS_DIR; };
		64592F141D2E60F60015408F /* PhotoTouristTests.swift */ = {isa = PBXFileReference; lastKnownFileType = sourcecode.swift; path = PhotoTouristTests.swift; sourceTree = "<group>"; };
		64592F161D2E60F60015408F /* Info.plist */ = {isa = PBXFileReference; lastKnownFileType = text.plist.xml; path = Info.plist; sourceTree = "<group>"; };
		64592F1B1D2E60F60015408F /* PhotoTouristUITests.xctest */ = {isa = PBXFileReference; explicitFileType = wrapper.cfbundle; includeInIndex = 0; path = PhotoTouristUITests.xctest; sourceTree = BUILT_PRODUCTS_DIR; };
		64592F1F1D2E60F60015408F /* PhotoTouristUITests.swift */ = {isa = PBXFileReference; lastKnownFileType = sourcecode.swift; path = PhotoTouristUITests.swift; sourceTree = "<group>"; };
		64592F211D2E60F60015408F /* Info.plist */ = {isa = PBXFileReference; lastKnownFileType = text.plist.xml; path = Info.plist; sourceTree = "<group>"; };
		64592F2D1D2E62DE0015408F /* FlickrClient.swift */ = {isa = PBXFileReference; fileEncoding = 4; lastKnownFileType = sourcecode.swift; path = FlickrClient.swift; sourceTree = "<group>"; };
		64661E831D2FD77F00D2B485 /* WebViewController.swift */ = {isa = PBXFileReference; fileEncoding = 4; lastKnownFileType = sourcecode.swift; path = WebViewController.swift; sourceTree = "<group>"; };
		647517D71D35126400BB2ECF /* Location.swift */ = {isa = PBXFileReference; fileEncoding = 4; lastKnownFileType = sourcecode.swift; path = Location.swift; sourceTree = "<group>"; };
		647517D91D351D2100BB2ECF /* LocationDetailViewController.swift */ = {isa = PBXFileReference; fileEncoding = 4; lastKnownFileType = sourcecode.swift; path = LocationDetailViewController.swift; sourceTree = "<group>"; };
		647517DB1D35360700BB2ECF /* MKMapViewExtension.swift */ = {isa = PBXFileReference; fileEncoding = 4; lastKnownFileType = sourcecode.swift; path = MKMapViewExtension.swift; sourceTree = "<group>"; };
		647517DD1D35363900BB2ECF /* MapModel.swift */ = {isa = PBXFileReference; fileEncoding = 4; lastKnownFileType = sourcecode.swift; path = MapModel.swift; sourceTree = "<group>"; };
		93BAB024C8AFAE7764C9D0B9 /* Pods-PhotoTouristTests.debug.xcconfig */ = {isa = PBXFileReference; includeInIndex = 1; lastKnownFileType = text.xcconfig; name = "Pods-PhotoTouristTests.debug.xcconfig"; path = "Pods/Target Support Files/Pods-PhotoTouristTests/Pods-PhotoTouristTests.debug.xcconfig"; sourceTree = "<group>"; };
		C4718F1198C6482B9E7971E5 /* Pods_PhotoTouristUITests.framework */ = {isa = PBXFileReference; explicitFileType = wrapper.framework; includeInIndex = 0; path = Pods_PhotoTouristUITests.framework; sourceTree = BUILT_PRODUCTS_DIR; };
		D178A3D64146096BDAAEC341 /* Pods-PhotoTouristUITests.debug.xcconfig */ = {isa = PBXFileReference; includeInIndex = 1; lastKnownFileType = text.xcconfig; name = "Pods-PhotoTouristUITests.debug.xcconfig"; path = "Pods/Target Support Files/Pods-PhotoTouristUITests/Pods-PhotoTouristUITests.debug.xcconfig"; sourceTree = "<group>"; };
		EF8479E8899F062C06D47C08 /* Pods-PhotoTourist.release.xcconfig */ = {isa = PBXFileReference; includeInIndex = 1; lastKnownFileType = text.xcconfig; name = "Pods-PhotoTourist.release.xcconfig"; path = "Pods/Target Support Files/Pods-PhotoTourist/Pods-PhotoTourist.release.xcconfig"; sourceTree = "<group>"; };
/* End PBXFileReference section */

/* Begin PBXFrameworksBuildPhase section */
		64592EF61D2E60F60015408F /* Frameworks */ = {
			isa = PBXFrameworksBuildPhase;
			buildActionMask = 2147483647;
			files = (
				CB3C7E8BAB02092D6654A725 /* Pods_PhotoTourist.framework in Frameworks */,
			);
			runOnlyForDeploymentPostprocessing = 0;
		};
		64592F0D1D2E60F60015408F /* Frameworks */ = {
			isa = PBXFrameworksBuildPhase;
			buildActionMask = 2147483647;
			files = (
				9477601F1B9C937682D826ED /* Pods_PhotoTouristTests.framework in Frameworks */,
			);
			runOnlyForDeploymentPostprocessing = 0;
		};
		64592F181D2E60F60015408F /* Frameworks */ = {
			isa = PBXFrameworksBuildPhase;
			buildActionMask = 2147483647;
			files = (
				F941E899A533E6B86F65A71F /* Pods_PhotoTouristUITests.framework in Frameworks */,
			);
			runOnlyForDeploymentPostprocessing = 0;
		};
/* End PBXFrameworksBuildPhase section */

/* Begin PBXGroup section */
		0CE2ABCD0163A3000E744266 /* Pods */ = {
			isa = PBXGroup;
			children = (
				2901BBCE9F3F0DB46FE3A042 /* Pods-PhotoTourist.debug.xcconfig */,
				EF8479E8899F062C06D47C08 /* Pods-PhotoTourist.release.xcconfig */,
				93BAB024C8AFAE7764C9D0B9 /* Pods-PhotoTouristTests.debug.xcconfig */,
				31F587E840E411BD8CE680FB /* Pods-PhotoTouristTests.release.xcconfig */,
				D178A3D64146096BDAAEC341 /* Pods-PhotoTouristUITests.debug.xcconfig */,
				5CD077B8FC525BF96E1025DD /* Pods-PhotoTouristUITests.release.xcconfig */,
			);
			name = Pods;
			sourceTree = "<group>";
		};
		64592EF01D2E60F60015408F = {
			isa = PBXGroup;
			children = (
				64592EFB1D2E60F60015408F /* PhotoTourist */,
				64592F131D2E60F60015408F /* PhotoTouristTests */,
				64592F1E1D2E60F60015408F /* PhotoTouristUITests */,
				64592EFA1D2E60F60015408F /* Products */,
				0CE2ABCD0163A3000E744266 /* Pods */,
				831420C7873FCC48A40D5885 /* Frameworks */,
			);
			sourceTree = "<group>";
		};
		64592EFA1D2E60F60015408F /* Products */ = {
			isa = PBXGroup;
			children = (
				64592EF91D2E60F60015408F /* PhotoTourist.app */,
				64592F101D2E60F60015408F /* PhotoTouristTests.xctest */,
				64592F1B1D2E60F60015408F /* PhotoTouristUITests.xctest */,
			);
			name = Products;
			sourceTree = "<group>";
		};
		64592EFB1D2E60F60015408F /* PhotoTourist */ = {
			isa = PBXGroup;
			children = (
				64592EFC1D2E60F60015408F /* AppDelegate.swift */,
				647517D71D35126400BB2ECF /* Location.swift */,
				64592EFE1D2E60F60015408F /* MapViewController.swift */,
				64661E831D2FD77F00D2B485 /* WebViewController.swift */,
				647517DD1D35363900BB2ECF /* MapModel.swift */,
				647517DB1D35360700BB2ECF /* MKMapViewExtension.swift */,
				64592F2D1D2E62DE0015408F /* FlickrClient.swift */,
				647517D91D351D2100BB2ECF /* LocationDetailViewController.swift */,
				64592F001D2E60F60015408F /* Main.storyboard */,
				64592F061D2E60F60015408F /* Assets.xcassets */,
				64592F081D2E60F60015408F /* LaunchScreen.storyboard */,
				64592F0B1D2E60F60015408F /* Info.plist */,
				64592F031D2E60F60015408F /* PhotoTourist.xcdatamodeld */,
			);
			path = PhotoTourist;
			sourceTree = "<group>";
		};
		64592F131D2E60F60015408F /* PhotoTouristTests */ = {
			isa = PBXGroup;
			children = (
				64592F141D2E60F60015408F /* PhotoTouristTests.swift */,
				64592F161D2E60F60015408F /* Info.plist */,
			);
			path = PhotoTouristTests;
			sourceTree = "<group>";
		};
		64592F1E1D2E60F60015408F /* PhotoTouristUITests */ = {
			isa = PBXGroup;
			children = (
				64592F1F1D2E60F60015408F /* PhotoTouristUITests.swift */,
				64592F211D2E60F60015408F /* Info.plist */,
			);
			path = PhotoTouristUITests;
			sourceTree = "<group>";
		};
		831420C7873FCC48A40D5885 /* Frameworks */ = {
			isa = PBXGroup;
			children = (
				1136049442C16546499E42F9 /* Pods_PhotoTourist.framework */,
				57A82F374EE2FB42B77B71B8 /* Pods_PhotoTouristTests.framework */,
				C4718F1198C6482B9E7971E5 /* Pods_PhotoTouristUITests.framework */,
			);
			name = Frameworks;
			sourceTree = "<group>";
		};
/* End PBXGroup section */

/* Begin PBXNativeTarget section */
		64592EF81D2E60F60015408F /* PhotoTourist */ = {
			isa = PBXNativeTarget;
			buildConfigurationList = 64592F241D2E60F60015408F /* Build configuration list for PBXNativeTarget "PhotoTourist" */;
			buildPhases = (
				D8768770CFEF1EED56276CEA /* [CP] Check Pods Manifest.lock */,
				64592EF51D2E60F60015408F /* Sources */,
				64592EF61D2E60F60015408F /* Frameworks */,
				64592EF71D2E60F60015408F /* Resources */,
				66B6644E32695BA3377867F9 /* [CP] Embed Pods Frameworks */,
				263D8DF1BC3163AE0A36558E /* [CP] Copy Pods Resources */,
			);
			buildRules = (
			);
			dependencies = (
			);
			name = PhotoTourist;
			productName = PhotoTourist;
			productReference = 64592EF91D2E60F60015408F /* PhotoTourist.app */;
			productType = "com.apple.product-type.application";
		};
		64592F0F1D2E60F60015408F /* PhotoTouristTests */ = {
			isa = PBXNativeTarget;
			buildConfigurationList = 64592F271D2E60F60015408F /* Build configuration list for PBXNativeTarget "PhotoTouristTests" */;
			buildPhases = (
				F04A05A2E7AC13118BB1C9D7 /* [CP] Check Pods Manifest.lock */,
				64592F0C1D2E60F60015408F /* Sources */,
				64592F0D1D2E60F60015408F /* Frameworks */,
				64592F0E1D2E60F60015408F /* Resources */,
				5C76B68626985D060237B89B /* [CP] Embed Pods Frameworks */,
				136C679FA4A4ECFC153F7DD0 /* [CP] Copy Pods Resources */,
			);
			buildRules = (
			);
			dependencies = (
				64592F121D2E60F60015408F /* PBXTargetDependency */,
			);
			name = PhotoTouristTests;
			productName = PhotoTouristTests;
			productReference = 64592F101D2E60F60015408F /* PhotoTouristTests.xctest */;
			productType = "com.apple.product-type.bundle.unit-test";
		};
		64592F1A1D2E60F60015408F /* PhotoTouristUITests */ = {
			isa = PBXNativeTarget;
			buildConfigurationList = 64592F2A1D2E60F60015408F /* Build configuration list for PBXNativeTarget "PhotoTouristUITests" */;
			buildPhases = (
				B4483EC5A506B085942FC64B /* [CP] Check Pods Manifest.lock */,
				64592F171D2E60F60015408F /* Sources */,
				64592F181D2E60F60015408F /* Frameworks */,
				64592F191D2E60F60015408F /* Resources */,
				5968C7343B98103E6A4ED860 /* [CP] Copy Pods Resources */,
			);
			buildRules = (
			);
			dependencies = (
				64592F1D1D2E60F60015408F /* PBXTargetDependency */,
			);
			name = PhotoTouristUITests;
			productName = PhotoTouristUITests;
			productReference = 64592F1B1D2E60F60015408F /* PhotoTouristUITests.xctest */;
			productType = "com.apple.product-type.bundle.ui-testing";
		};
/* End PBXNativeTarget section */

/* Begin PBXProject section */
		64592EF11D2E60F60015408F /* Project object */ = {
			isa = PBXProject;
			attributes = {
				LastSwiftUpdateCheck = 0730;
				LastUpgradeCheck = 0730;
				ORGANIZATIONNAME = AuroraInterplay;
				TargetAttributes = {
					64592EF81D2E60F60015408F = {
						CreatedOnToolsVersion = 7.3.1;
						DevelopmentTeam = 99MX98QF2R;
					};
					64592F0F1D2E60F60015408F = {
						CreatedOnToolsVersion = 7.3.1;
						DevelopmentTeam = 99MX98QF2R;
						TestTargetID = 64592EF81D2E60F60015408F;
					};
					64592F1A1D2E60F60015408F = {
						CreatedOnToolsVersion = 7.3.1;
						DevelopmentTeam = 99MX98QF2R;
						TestTargetID = 64592EF81D2E60F60015408F;
					};
				};
			};
			buildConfigurationList = 64592EF41D2E60F60015408F /* Build configuration list for PBXProject "PhotoTourist" */;
			compatibilityVersion = "Xcode 3.2";
			developmentRegion = English;
			hasScannedForEncodings = 0;
			knownRegions = (
				en,
				Base,
			);
			mainGroup = 64592EF01D2E60F60015408F;
			productRefGroup = 64592EFA1D2E60F60015408F /* Products */;
			projectDirPath = "";
			projectRoot = "";
			targets = (
				64592EF81D2E60F60015408F /* PhotoTourist */,
				64592F0F1D2E60F60015408F /* PhotoTouristTests */,
				64592F1A1D2E60F60015408F /* PhotoTouristUITests */,
			);
		};
/* End PBXProject section */

/* Begin PBXResourcesBuildPhase section */
		64592EF71D2E60F60015408F /* Resources */ = {
			isa = PBXResourcesBuildPhase;
			buildActionMask = 2147483647;
			files = (
				64592F0A1D2E60F60015408F /* LaunchScreen.storyboard in Resources */,
				64592F071D2E60F60015408F /* Assets.xcassets in Resources */,
				64592F021D2E60F60015408F /* Main.storyboard in Resources */,
			);
			runOnlyForDeploymentPostprocessing = 0;
		};
		64592F0E1D2E60F60015408F /* Resources */ = {
			isa = PBXResourcesBuildPhase;
			buildActionMask = 2147483647;
			files = (
			);
			runOnlyForDeploymentPostprocessing = 0;
		};
		64592F191D2E60F60015408F /* Resources */ = {
			isa = PBXResourcesBuildPhase;
			buildActionMask = 2147483647;
			files = (
			);
			runOnlyForDeploymentPostprocessing = 0;
		};
/* End PBXResourcesBuildPhase section */

/* Begin PBXShellScriptBuildPhase section */
		136C679FA4A4ECFC153F7DD0 /* [CP] Copy Pods Resources */ = {
			isa = PBXShellScriptBuildPhase;
			buildActionMask = 2147483647;
			files = (
			);
			inputPaths = (
			);
			name = "[CP] Copy Pods Resources";
			outputPaths = (
			);
			runOnlyForDeploymentPostprocessing = 0;
			shellPath = /bin/sh;
			shellScript = "\"${SRCROOT}/Pods/Target Support Files/Pods-PhotoTouristTests/Pods-PhotoTouristTests-resources.sh\"\n";
			showEnvVarsInLog = 0;
		};
		263D8DF1BC3163AE0A36558E /* [CP] Copy Pods Resources */ = {
			isa = PBXShellScriptBuildPhase;
			buildActionMask = 2147483647;
			files = (
			);
			inputPaths = (
			);
			name = "[CP] Copy Pods Resources";
			outputPaths = (
			);
			runOnlyForDeploymentPostprocessing = 0;
			shellPath = /bin/sh;
			shellScript = "\"${SRCROOT}/Pods/Target Support Files/Pods-PhotoTourist/Pods-PhotoTourist-resources.sh\"\n";
			showEnvVarsInLog = 0;
		};
		5968C7343B98103E6A4ED860 /* [CP] Copy Pods Resources */ = {
			isa = PBXShellScriptBuildPhase;
			buildActionMask = 2147483647;
			files = (
			);
			inputPaths = (
			);
			name = "[CP] Copy Pods Resources";
			outputPaths = (
			);
			runOnlyForDeploymentPostprocessing = 0;
			shellPath = /bin/sh;
			shellScript = "\"${SRCROOT}/Pods/Target Support Files/Pods-PhotoTouristUITests/Pods-PhotoTouristUITests-resources.sh\"\n";
			showEnvVarsInLog = 0;
		};
		5C76B68626985D060237B89B /* [CP] Embed Pods Frameworks */ = {
			isa = PBXShellScriptBuildPhase;
			buildActionMask = 2147483647;
			files = (
			);
			inputPaths = (
			);
			name = "[CP] Embed Pods Frameworks";
			outputPaths = (
			);
			runOnlyForDeploymentPostprocessing = 0;
			shellPath = /bin/sh;
			shellScript = "\"${SRCROOT}/Pods/Target Support Files/Pods-PhotoTouristTests/Pods-PhotoTouristTests-frameworks.sh\"\n";
			showEnvVarsInLog = 0;
		};
		66B6644E32695BA3377867F9 /* [CP] Embed Pods Frameworks */ = {
			isa = PBXShellScriptBuildPhase;
			buildActionMask = 2147483647;
			files = (
			);
			inputPaths = (
			);
			name = "[CP] Embed Pods Frameworks";
			outputPaths = (
			);
			runOnlyForDeploymentPostprocessing = 0;
			shellPath = /bin/sh;
			shellScript = "\"${SRCROOT}/Pods/Target Support Files/Pods-PhotoTourist/Pods-PhotoTourist-frameworks.sh\"\n";
			showEnvVarsInLog = 0;
		};
		B4483EC5A506B085942FC64B /* [CP] Check Pods Manifest.lock */ = {
			isa = PBXShellScriptBuildPhase;
			buildActionMask = 2147483647;
			files = (
			);
			inputPaths = (
			);
			name = "[CP] Check Pods Manifest.lock";
			outputPaths = (
			);
			runOnlyForDeploymentPostprocessing = 0;
			shellPath = /bin/sh;
			shellScript = "diff \"${PODS_ROOT}/../Podfile.lock\" \"${PODS_ROOT}/Manifest.lock\" > /dev/null\nif [[ $? != 0 ]] ; then\n    cat << EOM\nerror: The sandbox is not in sync with the Podfile.lock. Run 'pod install' or update your CocoaPods installation.\nEOM\n    exit 1\nfi\n";
			showEnvVarsInLog = 0;
		};
		D8768770CFEF1EED56276CEA /* [CP] Check Pods Manifest.lock */ = {
			isa = PBXShellScriptBuildPhase;
			buildActionMask = 2147483647;
			files = (
			);
			inputPaths = (
			);
			name = "[CP] Check Pods Manifest.lock";
			outputPaths = (
			);
			runOnlyForDeploymentPostprocessing = 0;
			shellPath = /bin/sh;
			shellScript = "diff \"${PODS_ROOT}/../Podfile.lock\" \"${PODS_ROOT}/Manifest.lock\" > /dev/null\nif [[ $? != 0 ]] ; then\n    cat << EOM\nerror: The sandbox is not in sync with the Podfile.lock. Run 'pod install' or update your CocoaPods installation.\nEOM\n    exit 1\nfi\n";
			showEnvVarsInLog = 0;
		};
		F04A05A2E7AC13118BB1C9D7 /* [CP] Check Pods Manifest.lock */ = {
			isa = PBXShellScriptBuildPhase;
			buildActionMask = 2147483647;
			files = (
			);
			inputPaths = (
			);
			name = "[CP] Check Pods Manifest.lock";
			outputPaths = (
			);
			runOnlyForDeploymentPostprocessing = 0;
			shellPath = /bin/sh;
			shellScript = "diff \"${PODS_ROOT}/../Podfile.lock\" \"${PODS_ROOT}/Manifest.lock\" > /dev/null\nif [[ $? != 0 ]] ; then\n    cat << EOM\nerror: The sandbox is not in sync with the Podfile.lock. Run 'pod install' or update your CocoaPods installation.\nEOM\n    exit 1\nfi\n";
			showEnvVarsInLog = 0;
		};
/* End PBXShellScriptBuildPhase section */

/* Begin PBXSourcesBuildPhase section */
		64592EF51D2E60F60015408F /* Sources */ = {
			isa = PBXSourcesBuildPhase;
			buildActionMask = 2147483647;
			files = (
				64592F051D2E60F60015408F /* PhotoTourist.xcdatamodeld in Sources */,
				647517DE1D35363900BB2ECF /* MapModel.swift in Sources */,
				647517DC1D35360700BB2ECF /* MKMapViewExtension.swift in Sources */,
				64592EFF1D2E60F60015408F /* MapViewController.swift in Sources */,
				647517DA1D351D2100BB2ECF /* LocationDetailViewController.swift in Sources */,
				64592EFD1D2E60F60015408F /* AppDelegate.swift in Sources */,
				64661E841D2FD77F00D2B485 /* WebViewController.swift in Sources */,
				647517D81D35126400BB2ECF /* Location.swift in Sources */,
				64592F2E1D2E62DE0015408F /* FlickrClient.swift in Sources */,
			);
			runOnlyForDeploymentPostprocessing = 0;
		};
		64592F0C1D2E60F60015408F /* Sources */ = {
			isa = PBXSourcesBuildPhase;
			buildActionMask = 2147483647;
			files = (
				64592F151D2E60F60015408F /* PhotoTouristTests.swift in Sources */,
			);
			runOnlyForDeploymentPostprocessing = 0;
		};
		64592F171D2E60F60015408F /* Sources */ = {
			isa = PBXSourcesBuildPhase;
			buildActionMask = 2147483647;
			files = (
				64592F201D2E60F60015408F /* PhotoTouristUITests.swift in Sources */,
			);
			runOnlyForDeploymentPostprocessing = 0;
		};
/* End PBXSourcesBuildPhase section */

/* Begin PBXTargetDependency section */
		64592F121D2E60F60015408F /* PBXTargetDependency */ = {
			isa = PBXTargetDependency;
			target = 64592EF81D2E60F60015408F /* PhotoTourist */;
			targetProxy = 64592F111D2E60F60015408F /* PBXContainerItemProxy */;
		};
		64592F1D1D2E60F60015408F /* PBXTargetDependency */ = {
			isa = PBXTargetDependency;
			target = 64592EF81D2E60F60015408F /* PhotoTourist */;
			targetProxy = 64592F1C1D2E60F60015408F /* PBXContainerItemProxy */;
		};
/* End PBXTargetDependency section */

/* Begin PBXVariantGroup section */
		64592F001D2E60F60015408F /* Main.storyboard */ = {
			isa = PBXVariantGroup;
			children = (
				64592F011D2E60F60015408F /* Base */,
			);
			name = Main.storyboard;
			sourceTree = "<group>";
		};
		64592F081D2E60F60015408F /* LaunchScreen.storyboard */ = {
			isa = PBXVariantGroup;
			children = (
				64592F091D2E60F60015408F /* Base */,
			);
			name = LaunchScreen.storyboard;
			sourceTree = "<group>";
		};
/* End PBXVariantGroup section */

/* Begin XCBuildConfiguration section */
		64592F221D2E60F60015408F /* Debug */ = {
			isa = XCBuildConfiguration;
			buildSettings = {
				ALWAYS_SEARCH_USER_PATHS = NO;
				CLANG_ANALYZER_NONNULL = YES;
				CLANG_CXX_LANGUAGE_STANDARD = "gnu++0x";
				CLANG_CXX_LIBRARY = "libc++";
				CLANG_ENABLE_MODULES = YES;
				CLANG_ENABLE_OBJC_ARC = YES;
				CLANG_WARN_BOOL_CONVERSION = YES;
				CLANG_WARN_CONSTANT_CONVERSION = YES;
				CLANG_WARN_DIRECT_OBJC_ISA_USAGE = YES_ERROR;
				CLANG_WARN_EMPTY_BODY = YES;
				CLANG_WARN_ENUM_CONVERSION = YES;
				CLANG_WARN_INT_CONVERSION = YES;
				CLANG_WARN_OBJC_ROOT_CLASS = YES_ERROR;
				CLANG_WARN_UNREACHABLE_CODE = YES;
				CLANG_WARN__DUPLICATE_METHOD_MATCH = YES;
				"CODE_SIGN_IDENTITY[sdk=iphoneos*]" = "iPhone Developer";
				COPY_PHASE_STRIP = NO;
				DEBUG_INFORMATION_FORMAT = dwarf;
				ENABLE_STRICT_OBJC_MSGSEND = YES;
				ENABLE_TESTABILITY = YES;
				GCC_C_LANGUAGE_STANDARD = gnu99;
				GCC_DYNAMIC_NO_PIC = NO;
				GCC_NO_COMMON_BLOCKS = YES;
				GCC_OPTIMIZATION_LEVEL = 0;
				GCC_PREPROCESSOR_DEFINITIONS = (
					"DEBUG=1",
					"$(inherited)",
				);
				GCC_WARN_64_TO_32_BIT_CONVERSION = YES;
				GCC_WARN_ABOUT_RETURN_TYPE = YES_ERROR;
				GCC_WARN_UNDECLARED_SELECTOR = YES;
				GCC_WARN_UNINITIALIZED_AUTOS = YES_AGGRESSIVE;
				GCC_WARN_UNUSED_FUNCTION = YES;
				GCC_WARN_UNUSED_VARIABLE = YES;
				IPHONEOS_DEPLOYMENT_TARGET = 9.3;
				MTL_ENABLE_DEBUG_INFO = YES;
				ONLY_ACTIVE_ARCH = YES;
				SDKROOT = iphoneos;
				SWIFT_OPTIMIZATION_LEVEL = "-Onone";
			};
			name = Debug;
		};
		64592F231D2E60F60015408F /* Release */ = {
			isa = XCBuildConfiguration;
			buildSettings = {
				ALWAYS_SEARCH_USER_PATHS = NO;
				CLANG_ANALYZER_NONNULL = YES;
				CLANG_CXX_LANGUAGE_STANDARD = "gnu++0x";
				CLANG_CXX_LIBRARY = "libc++";
				CLANG_ENABLE_MODULES = YES;
				CLANG_ENABLE_OBJC_ARC = YES;
				CLANG_WARN_BOOL_CONVERSION = YES;
				CLANG_WARN_CONSTANT_CONVERSION = YES;
				CLANG_WARN_DIRECT_OBJC_ISA_USAGE = YES_ERROR;
				CLANG_WARN_EMPTY_BODY = YES;
				CLANG_WARN_ENUM_CONVERSION = YES;
				CLANG_WARN_INT_CONVERSION = YES;
				CLANG_WARN_OBJC_ROOT_CLASS = YES_ERROR;
				CLANG_WARN_UNREACHABLE_CODE = YES;
				CLANG_WARN__DUPLICATE_METHOD_MATCH = YES;
				"CODE_SIGN_IDENTITY[sdk=iphoneos*]" = "iPhone Developer";
				COPY_PHASE_STRIP = NO;
				DEBUG_INFORMATION_FORMAT = "dwarf-with-dsym";
				ENABLE_NS_ASSERTIONS = NO;
				ENABLE_STRICT_OBJC_MSGSEND = YES;
				GCC_C_LANGUAGE_STANDARD = gnu99;
				GCC_NO_COMMON_BLOCKS = YES;
				GCC_WARN_64_TO_32_BIT_CONVERSION = YES;
				GCC_WARN_ABOUT_RETURN_TYPE = YES_ERROR;
				GCC_WARN_UNDECLARED_SELECTOR = YES;
				GCC_WARN_UNINITIALIZED_AUTOS = YES_AGGRESSIVE;
				GCC_WARN_UNUSED_FUNCTION = YES;
				GCC_WARN_UNUSED_VARIABLE = YES;
				IPHONEOS_DEPLOYMENT_TARGET = 9.3;
				MTL_ENABLE_DEBUG_INFO = NO;
				SDKROOT = iphoneos;
				VALIDATE_PRODUCT = YES;
			};
			name = Release;
		};
		64592F251D2E60F60015408F /* Debug */ = {
			isa = XCBuildConfiguration;
			baseConfigurationReference = 2901BBCE9F3F0DB46FE3A042 /* Pods-PhotoTourist.debug.xcconfig */;
			buildSettings = {
				ASSETCATALOG_COMPILER_APPICON_NAME = AppIcon;
				INFOPLIST_FILE = PhotoTourist/Info.plist;
				LD_RUNPATH_SEARCH_PATHS = "$(inherited) @executable_path/Frameworks";
				PRODUCT_BUNDLE_IDENTIFIER = AuroraInterplay.PhotoTourist;
				PRODUCT_NAME = "$(TARGET_NAME)";
			};
			name = Debug;
		};
		64592F261D2E60F60015408F /* Release */ = {
			isa = XCBuildConfiguration;
			baseConfigurationReference = EF8479E8899F062C06D47C08 /* Pods-PhotoTourist.release.xcconfig */;
			buildSettings = {
				ASSETCATALOG_COMPILER_APPICON_NAME = AppIcon;
				INFOPLIST_FILE = PhotoTourist/Info.plist;
				LD_RUNPATH_SEARCH_PATHS = "$(inherited) @executable_path/Frameworks";
				PRODUCT_BUNDLE_IDENTIFIER = AuroraInterplay.PhotoTourist;
				PRODUCT_NAME = "$(TARGET_NAME)";
			};
			name = Release;
		};
		64592F281D2E60F60015408F /* Debug */ = {
			isa = XCBuildConfiguration;
			baseConfigurationReference = 93BAB024C8AFAE7764C9D0B9 /* Pods-PhotoTouristTests.debug.xcconfig */;
			buildSettings = {
				BUNDLE_LOADER = "$(TEST_HOST)";
				INFOPLIST_FILE = PhotoTouristTests/Info.plist;
				LD_RUNPATH_SEARCH_PATHS = "$(inherited) @executable_path/Frameworks @loader_path/Frameworks";
				PRODUCT_BUNDLE_IDENTIFIER = AuroraInterplay.PhotoTouristTests;
				PRODUCT_NAME = "$(TARGET_NAME)";
				TEST_HOST = "$(BUILT_PRODUCTS_DIR)/PhotoTourist.app/PhotoTourist";
			};
			name = Debug;
		};
		64592F291D2E60F60015408F /* Release */ = {
			isa = XCBuildConfiguration;
			baseConfigurationReference = 31F587E840E411BD8CE680FB /* Pods-PhotoTouristTests.release.xcconfig */;
			buildSettings = {
				BUNDLE_LOADER = "$(TEST_HOST)";
				INFOPLIST_FILE = PhotoTouristTests/Info.plist;
				LD_RUNPATH_SEARCH_PATHS = "$(inherited) @executable_path/Frameworks @loader_path/Frameworks";
				PRODUCT_BUNDLE_IDENTIFIER = AuroraInterplay.PhotoTouristTests;
				PRODUCT_NAME = "$(TARGET_NAME)";
				TEST_HOST = "$(BUILT_PRODUCTS_DIR)/PhotoTourist.app/PhotoTourist";
			};
			name = Release;
		};
		64592F2B1D2E60F60015408F /* Debug */ = {
			isa = XCBuildConfiguration;
			baseConfigurationReference = D178A3D64146096BDAAEC341 /* Pods-PhotoTouristUITests.debug.xcconfig */;
			buildSettings = {
				INFOPLIST_FILE = PhotoTouristUITests/Info.plist;
				LD_RUNPATH_SEARCH_PATHS = "$(inherited) @executable_path/Frameworks @loader_path/Frameworks";
				PRODUCT_BUNDLE_IDENTIFIER = AuroraInterplay.PhotoTouristUITests;
				PRODUCT_NAME = "$(TARGET_NAME)";
				TEST_TARGET_NAME = PhotoTourist;
			};
			name = Debug;
		};
		64592F2C1D2E60F60015408F /* Release */ = {
			isa = XCBuildConfiguration;
			baseConfigurationReference = 5CD077B8FC525BF96E1025DD /* Pods-PhotoTouristUITests.release.xcconfig */;
			buildSettings = {
				INFOPLIST_FILE = PhotoTouristUITests/Info.plist;
				LD_RUNPATH_SEARCH_PATHS = "$(inherited) @executable_path/Frameworks @loader_path/Frameworks";
				PRODUCT_BUNDLE_IDENTIFIER = AuroraInterplay.PhotoTouristUITests;
				PRODUCT_NAME = "$(TARGET_NAME)";
				TEST_TARGET_NAME = PhotoTourist;
			};
			name = Release;
		};
/* End XCBuildConfiguration section */

/* Begin XCConfigurationList section */
		64592EF41D2E60F60015408F /* Build configuration list for PBXProject "PhotoTourist" */ = {
			isa = XCConfigurationList;
			buildConfigurations = (
				64592F221D2E60F60015408F /* Debug */,
				64592F231D2E60F60015408F /* Release */,
			);
			defaultConfigurationIsVisible = 0;
			defaultConfigurationName = Release;
		};
		64592F241D2E60F60015408F /* Build configuration list for PBXNativeTarget "PhotoTourist" */ = {
			isa = XCConfigurationList;
			buildConfigurations = (
				64592F251D2E60F60015408F /* Debug */,
				64592F261D2E60F60015408F /* Release */,
			);
			defaultConfigurationIsVisible = 0;
			defaultConfigurationName = Release;
		};
		64592F271D2E60F60015408F /* Build configuration list for PBXNativeTarget "PhotoTouristTests" */ = {
			isa = XCConfigurationList;
			buildConfigurations = (
				64592F281D2E60F60015408F /* Debug */,
				64592F291D2E60F60015408F /* Release */,
			);
			defaultConfigurationIsVisible = 0;
			defaultConfigurationName = Release;
		};
		64592F2A1D2E60F60015408F /* Build configuration list for PBXNativeTarget "PhotoTouristUITests" */ = {
			isa = XCConfigurationList;
			buildConfigurations = (
				64592F2B1D2E60F60015408F /* Debug */,
				64592F2C1D2E60F60015408F /* Release */,
			);
			defaultConfigurationIsVisible = 0;
			defaultConfigurationName = Release;
		};
/* End XCConfigurationList section */

/* Begin XCVersionGroup section */
		64592F031D2E60F60015408F /* PhotoTourist.xcdatamodeld */ = {
			isa = XCVersionGroup;
			children = (
				64592F041D2E60F60015408F /* PhotoTourist.xcdatamodel */,
			);
			currentVersion = 64592F041D2E60F60015408F /* PhotoTourist.xcdatamodel */;
			path = PhotoTourist.xcdatamodeld;
			sourceTree = "<group>";
			versionGroupType = wrapper.xcdatamodel;
		};
/* End XCVersionGroup section */
	};
	rootObject = 64592EF11D2E60F60015408F /* Project object */;
}
